
Microsoft Visual Studio Solution File, Format Version 12.00
# Visual Studio 15
VisualStudioVersion = 15.0.27130.2010
MinimumVisualStudioVersion = 10.0.40219.1
Project("{8BC9CEB8-8B4A-11D0-8D11-00A0C91BC942}") = "libApp", "src\libApp\libApp2017.vcxproj", "{936FC598-55A7-4393-A60E-D327DC6CBDC2}"
EndProject
Project("{8BC9CEB8-8B4A-11D0-8D11-00A0C91BC942}") = "libDataUtils", "src\libDataUtils\libDataUtils2017.vcxproj", "{E2CA3902-3AE7-4160-9215-2DE9251620CE}"
EndProject
Project("{8BC9CEB8-8B4A-11D0-8D11-00A0C91BC942}") = "libImage", "src\libImage\libImage2017.vcxproj", "{143A9A61-496C-4055-8455-EB87F904A0D4}"
EndProject
Project("{8BC9CEB8-8B4A-11D0-8D11-00A0C91BC942}") = "libLog", "src\libLog\libLog2017.vcxproj", "{5D09853B-8DB8-4874-B9B3-AF816914AFFF}"
EndProject
Project("{8BC9CEB8-8B4A-11D0-8D11-00A0C91BC942}") = "libMath", "src\libMath\libMath2017.vcxproj", "{42C28590-41A3-4377-8AE2-8BB30C075F76}"
EndProject
Project("{8BC9CEB8-8B4A-11D0-8D11-00A0C91BC942}") = "libMesh", "src\libMesh\libMesh2017.vcxproj", "{0EBFB50D-BBFD-4CB4-85DE-8EFDC74EF816}"
EndProject
Project("{8BC9CEB8-8B4A-11D0-8D11-00A0C91BC942}") = "libMisc", "src\libMisc\libMisc2017.vcxproj", "{C5C03661-7C36-40BF-968C-E75AF24C94A2}"
EndProject
Project("{8BC9CEB8-8B4A-11D0-8D11-00A0C91BC942}") = "libRender", "src\libRender\libRender2017.vcxproj", "{5BD8DDFF-6E6F-42C9-9497-FB15E9209A09}"
EndProject
Project("{8BC9CEB8-8B4A-11D0-8D11-00A0C91BC942}") = "libSound", "src\libSound\libSound2017.vcxproj", "{E7AF113E-4F93-45E8-B328-170967A9A79A}"
EndProject
Project("{8BC9CEB8-8B4A-11D0-8D11-00A0C91BC942}") = "libSystem", "src\libSystem\libSystem2017.vcxproj", "{8C9355E9-3E93-44AD-B554-08CFA74D4E01}"
EndProject
Project("{8BC9CEB8-8B4A-11D0-8D11-00A0C91BC942}") = "libCamera", "src\libCamera\libCamera2017.vcxproj", "{7CFCABA3-C3F7-4222-8A85-9B7FDE220E09}"
EndProject
Project("{8BC9CEB8-8B4A-11D0-8D11-00A0C91BC942}") = "libVR", "src\libVR\libVR2017.vcxproj", "{1A0C5AD8-2100-4A26-BF90-A1AADC252EA3}"
EndProject
Project("{8BC9CEB8-8B4A-11D0-8D11-00A0C91BC942}") = "libNetwork", "src\libNetwork\libNetwork2017.vcxproj", "{1021960A-35C6-443B-A404-0AC685F4408F}"
EndProject
Project("{8BC9CEB8-8B4A-11D0-8D11-00A0C91BC942}") = "exeTest", "src\exeTest\exeTest2017.vcxproj", "{E0565A86-AD03-445B-8E63-218E427775A7}"
	ProjectSection(ProjectDependencies) = postProject
		{E2CA3902-3AE7-4160-9215-2DE9251620CE} = {E2CA3902-3AE7-4160-9215-2DE9251620CE}
		{1021960A-35C6-443B-A404-0AC685F4408F} = {1021960A-35C6-443B-A404-0AC685F4408F}
		{0EBFB50D-BBFD-4CB4-85DE-8EFDC74EF816} = {0EBFB50D-BBFD-4CB4-85DE-8EFDC74EF816}
		{5D09853B-8DB8-4874-B9B3-AF816914AFFF} = {5D09853B-8DB8-4874-B9B3-AF816914AFFF}
		{C5C03661-7C36-40BF-968C-E75AF24C94A2} = {C5C03661-7C36-40BF-968C-E75AF24C94A2}
		{143A9A61-496C-4055-8455-EB87F904A0D4} = {143A9A61-496C-4055-8455-EB87F904A0D4}
		{42C28590-41A3-4377-8AE2-8BB30C075F76} = {42C28590-41A3-4377-8AE2-8BB30C075F76}
		{936FC598-55A7-4393-A60E-D327DC6CBDC2} = {936FC598-55A7-4393-A60E-D327DC6CBDC2}
		{7CFCABA3-C3F7-4222-8A85-9B7FDE220E09} = {7CFCABA3-C3F7-4222-8A85-9B7FDE220E09}
		{8C9355E9-3E93-44AD-B554-08CFA74D4E01} = {8C9355E9-3E93-44AD-B554-08CFA74D4E01}
		{5BD8DDFF-6E6F-42C9-9497-FB15E9209A09} = {5BD8DDFF-6E6F-42C9-9497-FB15E9209A09}
	EndProjectSection
EndProject
Project("{8BC9CEB8-8B4A-11D0-8D11-00A0C91BC942}") = "libCompression", "src\libCompression\libCompression2017.vcxproj", "{722E062E-8FD3-4119-9D7C-8D4700C828EE}"
EndProject
Global
	GlobalSection(SolutionConfigurationPlatforms) = preSolution
		Debug_MD|x64 = Debug_MD|x64
		Debug_MD|x86 = Debug_MD|x86
		Debug_MT|x64 = Debug_MT|x64
		Debug_MT|x86 = Debug_MT|x86
		Release_MD|x64 = Release_MD|x64
		Release_MD|x86 = Release_MD|x86
		Release_MT|x64 = Release_MT|x64
		Release_MT|x86 = Release_MT|x86
	EndGlobalSection
	GlobalSection(ProjectConfigurationPlatforms) = postSolution
		{936FC598-55A7-4393-A60E-D327DC6CBDC2}.Debug_MD|x64.ActiveCfg = Debug_MD|x64
		{936FC598-55A7-4393-A60E-D327DC6CBDC2}.Debug_MD|x64.Build.0 = Debug_MD|x64
		{936FC598-55A7-4393-A60E-D327DC6CBDC2}.Debug_MD|x86.ActiveCfg = Debug_MD|x64
		{936FC598-55A7-4393-A60E-D327DC6CBDC2}.Debug_MT|x64.ActiveCfg = Debug_MT|x64
		{936FC598-55A7-4393-A60E-D327DC6CBDC2}.Debug_MT|x64.Build.0 = Debug_MT|x64
		{936FC598-55A7-4393-A60E-D327DC6CBDC2}.Debug_MT|x86.ActiveCfg = Debug_MT|x64
		{936FC598-55A7-4393-A60E-D327DC6CBDC2}.Release_MD|x64.ActiveCfg = Release_MD|x64
		{936FC598-55A7-4393-A60E-D327DC6CBDC2}.Release_MD|x64.Build.0 = Release_MD|x64
		{936FC598-55A7-4393-A60E-D327DC6CBDC2}.Release_MD|x86.ActiveCfg = Release_MD|x64
		{936FC598-55A7-4393-A60E-D327DC6CBDC2}.Release_MT|x64.ActiveCfg = Release_MT|x64
		{936FC598-55A7-4393-A60E-D327DC6CBDC2}.Release_MT|x64.Build.0 = Release_MT|x64
		{936FC598-55A7-4393-A60E-D327DC6CBDC2}.Release_MT|x86.ActiveCfg = Release_MT|x64
		{E2CA3902-3AE7-4160-9215-2DE9251620CE}.Debug_MD|x64.ActiveCfg = Debug_MD|x64
		{E2CA3902-3AE7-4160-9215-2DE9251620CE}.Debug_MD|x64.Build.0 = Debug_MD|x64
		{E2CA3902-3AE7-4160-9215-2DE9251620CE}.Debug_MD|x86.ActiveCfg = Debug_MD|x64
		{E2CA3902-3AE7-4160-9215-2DE9251620CE}.Debug_MT|x64.ActiveCfg = Debug_MT|x64
		{E2CA3902-3AE7-4160-9215-2DE9251620CE}.Debug_MT|x64.Build.0 = Debug_MT|x64
		{E2CA3902-3AE7-4160-9215-2DE9251620CE}.Debug_MT|x86.ActiveCfg = Debug_MT|x64
		{E2CA3902-3AE7-4160-9215-2DE9251620CE}.Release_MD|x64.ActiveCfg = Release_MD|x64
		{E2CA3902-3AE7-4160-9215-2DE9251620CE}.Release_MD|x64.Build.0 = Release_MD|x64
		{E2CA3902-3AE7-4160-9215-2DE9251620CE}.Release_MD|x86.ActiveCfg = Release_MD|x64
		{E2CA3902-3AE7-4160-9215-2DE9251620CE}.Release_MT|x64.ActiveCfg = Release_MT|x64
		{E2CA3902-3AE7-4160-9215-2DE9251620CE}.Release_MT|x64.Build.0 = Release_MT|x64
		{E2CA3902-3AE7-4160-9215-2DE9251620CE}.Release_MT|x86.ActiveCfg = Release_MT|x64
		{143A9A61-496C-4055-8455-EB87F904A0D4}.Debug_MD|x64.ActiveCfg = Debug_MD|x64
		{143A9A61-496C-4055-8455-EB87F904A0D4}.Debug_MD|x64.Build.0 = Debug_MD|x64
		{143A9A61-496C-4055-8455-EB87F904A0D4}.Debug_MD|x86.ActiveCfg = Debug_MD|x64
		{143A9A61-496C-4055-8455-EB87F904A0D4}.Debug_MT|x64.ActiveCfg = Debug_MT|x64
		{143A9A61-496C-4055-8455-EB87F904A0D4}.Debug_MT|x64.Build.0 = Debug_MT|x64
		{143A9A61-496C-4055-8455-EB87F904A0D4}.Debug_MT|x86.ActiveCfg = Debug_MT|x64
		{143A9A61-496C-4055-8455-EB87F904A0D4}.Release_MD|x64.ActiveCfg = Release_MD|x64
		{143A9A61-496C-4055-8455-EB87F904A0D4}.Release_MD|x64.Build.0 = Release_MD|x64
		{143A9A61-496C-4055-8455-EB87F904A0D4}.Release_MD|x86.ActiveCfg = Release_MD|x64
		{143A9A61-496C-4055-8455-EB87F904A0D4}.Release_MT|x64.ActiveCfg = Release_MT|x64
		{143A9A61-496C-4055-8455-EB87F904A0D4}.Release_MT|x64.Build.0 = Release_MT|x64
		{143A9A61-496C-4055-8455-EB87F904A0D4}.Release_MT|x86.ActiveCfg = Release_MT|x64
		{5D09853B-8DB8-4874-B9B3-AF816914AFFF}.Debug_MD|x64.ActiveCfg = Debug_MD|x64
		{5D09853B-8DB8-4874-B9B3-AF816914AFFF}.Debug_MD|x64.Build.0 = Debug_MD|x64
		{5D09853B-8DB8-4874-B9B3-AF816914AFFF}.Debug_MD|x86.ActiveCfg = Debug_MD|x64
		{5D09853B-8DB8-4874-B9B3-AF816914AFFF}.Debug_MT|x64.ActiveCfg = Debug_MT|x64
		{5D09853B-8DB8-4874-B9B3-AF816914AFFF}.Debug_MT|x64.Build.0 = Debug_MT|x64
		{5D09853B-8DB8-4874-B9B3-AF816914AFFF}.Debug_MT|x86.ActiveCfg = Debug_MT|x64
		{5D09853B-8DB8-4874-B9B3-AF816914AFFF}.Release_MD|x64.ActiveCfg = Release_MD|x64
		{5D09853B-8DB8-4874-B9B3-AF816914AFFF}.Release_MD|x64.Build.0 = Release_MD|x64
		{5D09853B-8DB8-4874-B9B3-AF816914AFFF}.Release_MD|x86.ActiveCfg = Release_MD|x64
		{5D09853B-8DB8-4874-B9B3-AF816914AFFF}.Release_MT|x64.ActiveCfg = Release_MT|x64
		{5D09853B-8DB8-4874-B9B3-AF816914AFFF}.Release_MT|x64.Build.0 = Release_MT|x64
		{5D09853B-8DB8-4874-B9B3-AF816914AFFF}.Release_MT|x86.ActiveCfg = Release_MT|x64
		{42C28590-41A3-4377-8AE2-8BB30C075F76}.Debug_MD|x64.ActiveCfg = Debug_MD|x64
		{42C28590-41A3-4377-8AE2-8BB30C075F76}.Debug_MD|x64.Build.0 = Debug_MD|x64
		{42C28590-41A3-4377-8AE2-8BB30C075F76}.Debug_MD|x86.ActiveCfg = Debug_MD|x64
		{42C28590-41A3-4377-8AE2-8BB30C075F76}.Debug_MT|x64.ActiveCfg = Debug_MT|x64
		{42C28590-41A3-4377-8AE2-8BB30C075F76}.Debug_MT|x64.Build.0 = Debug_MT|x64
		{42C28590-41A3-4377-8AE2-8BB30C075F76}.Debug_MT|x86.ActiveCfg = Debug_MT|x64
		{42C28590-41A3-4377-8AE2-8BB30C075F76}.Release_MD|x64.ActiveCfg = Release_MD|x64
		{42C28590-41A3-4377-8AE2-8BB30C075F76}.Release_MD|x64.Build.0 = Release_MD|x64
		{42C28590-41A3-4377-8AE2-8BB30C075F76}.Release_MD|x86.ActiveCfg = Release_MD|x64
		{42C28590-41A3-4377-8AE2-8BB30C075F76}.Release_MT|x64.ActiveCfg = Release_MT|x64
		{42C28590-41A3-4377-8AE2-8BB30C075F76}.Release_MT|x64.Build.0 = Release_MT|x64
		{42C28590-41A3-4377-8AE2-8BB30C075F76}.Release_MT|x86.ActiveCfg = Release_MT|x64
		{0EBFB50D-BBFD-4CB4-85DE-8EFDC74EF816}.Debug_MD|x64.ActiveCfg = Debug_MD|x64
		{0EBFB50D-BBFD-4CB4-85DE-8EFDC74EF816}.Debug_MD|x64.Build.0 = Debug_MD|x64
		{0EBFB50D-BBFD-4CB4-85DE-8EFDC74EF816}.Debug_MD|x86.ActiveCfg = Debug_MD|x64
		{0EBFB50D-BBFD-4CB4-85DE-8EFDC74EF816}.Debug_MT|x64.ActiveCfg = Debug_MT|x64
		{0EBFB50D-BBFD-4CB4-85DE-8EFDC74EF816}.Debug_MT|x64.Build.0 = Debug_MT|x64
		{0EBFB50D-BBFD-4CB4-85DE-8EFDC74EF816}.Debug_MT|x86.ActiveCfg = Debug_MT|x64
		{0EBFB50D-BBFD-4CB4-85DE-8EFDC74EF816}.Release_MD|x64.ActiveCfg = Release_MD|x64
		{0EBFB50D-BBFD-4CB4-85DE-8EFDC74EF816}.Release_MD|x64.Build.0 = Release_MD|x64
		{0EBFB50D-BBFD-4CB4-85DE-8EFDC74EF816}.Release_MD|x86.ActiveCfg = Release_MD|x64
		{0EBFB50D-BBFD-4CB4-85DE-8EFDC74EF816}.Release_MT|x64.ActiveCfg = Release_MT|x64
		{0EBFB50D-BBFD-4CB4-85DE-8EFDC74EF816}.Release_MT|x64.Build.0 = Release_MT|x64
		{0EBFB50D-BBFD-4CB4-85DE-8EFDC74EF816}.Release_MT|x86.ActiveCfg = Release_MT|x64
		{C5C03661-7C36-40BF-968C-E75AF24C94A2}.Debug_MD|x64.ActiveCfg = Debug_MD|x64
		{C5C03661-7C36-40BF-968C-E75AF24C94A2}.Debug_MD|x64.Build.0 = Debug_MD|x64
		{C5C03661-7C36-40BF-968C-E75AF24C94A2}.Debug_MD|x86.ActiveCfg = Debug_MD|x64
		{C5C03661-7C36-40BF-968C-E75AF24C94A2}.Debug_MT|x64.ActiveCfg = Debug_MT|x64
		{C5C03661-7C36-40BF-968C-E75AF24C94A2}.Debug_MT|x64.Build.0 = Debug_MT|x64
		{C5C03661-7C36-40BF-968C-E75AF24C94A2}.Debug_MT|x86.ActiveCfg = Debug_MT|x64
		{C5C03661-7C36-40BF-968C-E75AF24C94A2}.Release_MD|x64.ActiveCfg = Release_MD|x64
		{C5C03661-7C36-40BF-968C-E75AF24C94A2}.Release_MD|x64.Build.0 = Release_MD|x64
		{C5C03661-7C36-40BF-968C-E75AF24C94A2}.Release_MD|x86.ActiveCfg = Release_MD|x64
		{C5C03661-7C36-40BF-968C-E75AF24C94A2}.Release_MT|x64.ActiveCfg = Release_MT|x64
		{C5C03661-7C36-40BF-968C-E75AF24C94A2}.Release_MT|x64.Build.0 = Release_MT|x64
		{C5C03661-7C36-40BF-968C-E75AF24C94A2}.Release_MT|x86.ActiveCfg = Release_MT|x64
		{5BD8DDFF-6E6F-42C9-9497-FB15E9209A09}.Debug_MD|x64.ActiveCfg = Debug_MD|x64
		{5BD8DDFF-6E6F-42C9-9497-FB15E9209A09}.Debug_MD|x64.Build.0 = Debug_MD|x64
		{5BD8DDFF-6E6F-42C9-9497-FB15E9209A09}.Debug_MD|x86.ActiveCfg = Debug_MD|x64
		{5BD8DDFF-6E6F-42C9-9497-FB15E9209A09}.Debug_MT|x64.ActiveCfg = Debug_MT|x64
		{5BD8DDFF-6E6F-42C9-9497-FB15E9209A09}.Debug_MT|x64.Build.0 = Debug_MT|x64
		{5BD8DDFF-6E6F-42C9-9497-FB15E9209A09}.Debug_MT|x86.ActiveCfg = Debug_MT|x64
		{5BD8DDFF-6E6F-42C9-9497-FB15E9209A09}.Release_MD|x64.ActiveCfg = Release_MD|x64
		{5BD8DDFF-6E6F-42C9-9497-FB15E9209A09}.Release_MD|x64.Build.0 = Release_MD|x64
		{5BD8DDFF-6E6F-42C9-9497-FB15E9209A09}.Release_MD|x86.ActiveCfg = Release_MD|x64
		{5BD8DDFF-6E6F-42C9-9497-FB15E9209A09}.Release_MT|x64.ActiveCfg = Release_MT|x64
		{5BD8DDFF-6E6F-42C9-9497-FB15E9209A09}.Release_MT|x64.Build.0 = Release_MT|x64
		{5BD8DDFF-6E6F-42C9-9497-FB15E9209A09}.Release_MT|x86.ActiveCfg = Release_MT|x64
		{E7AF113E-4F93-45E8-B328-170967A9A79A}.Debug_MD|x64.ActiveCfg = Debug_MD|x64
		{E7AF113E-4F93-45E8-B328-170967A9A79A}.Debug_MD|x64.Build.0 = Debug_MD|x64
		{E7AF113E-4F93-45E8-B328-170967A9A79A}.Debug_MD|x86.ActiveCfg = Debug_MD|x64
		{E7AF113E-4F93-45E8-B328-170967A9A79A}.Debug_MT|x64.ActiveCfg = Debug_MT|x64
		{E7AF113E-4F93-45E8-B328-170967A9A79A}.Debug_MT|x64.Build.0 = Debug_MT|x64
		{E7AF113E-4F93-45E8-B328-170967A9A79A}.Debug_MT|x86.ActiveCfg = Debug_MT|x64
		{E7AF113E-4F93-45E8-B328-170967A9A79A}.Release_MD|x64.ActiveCfg = Release_MD|x64
		{E7AF113E-4F93-45E8-B328-170967A9A79A}.Release_MD|x64.Build.0 = Release_MD|x64
		{E7AF113E-4F93-45E8-B328-170967A9A79A}.Release_MD|x86.ActiveCfg = Release_MD|x64
		{E7AF113E-4F93-45E8-B328-170967A9A79A}.Release_MT|x64.ActiveCfg = Release_MT|x64
		{E7AF113E-4F93-45E8-B328-170967A9A79A}.Release_MT|x64.Build.0 = Release_MT|x64
		{E7AF113E-4F93-45E8-B328-170967A9A79A}.Release_MT|x86.ActiveCfg = Release_MT|x64
		{8C9355E9-3E93-44AD-B554-08CFA74D4E01}.Debug_MD|x64.ActiveCfg = Debug_MD|x64
		{8C9355E9-3E93-44AD-B554-08CFA74D4E01}.Debug_MD|x64.Build.0 = Debug_MD|x64
		{8C9355E9-3E93-44AD-B554-08CFA74D4E01}.Debug_MD|x86.ActiveCfg = Debug_MD|x64
		{8C9355E9-3E93-44AD-B554-08CFA74D4E01}.Debug_MT|x64.ActiveCfg = Debug_MT|x64
		{8C9355E9-3E93-44AD-B554-08CFA74D4E01}.Debug_MT|x64.Build.0 = Debug_MT|x64
		{8C9355E9-3E93-44AD-B554-08CFA74D4E01}.Debug_MT|x86.ActiveCfg = Debug_MT|x64
		{8C9355E9-3E93-44AD-B554-08CFA74D4E01}.Release_MD|x64.ActiveCfg = Release_MD|x64
		{8C9355E9-3E93-44AD-B554-08CFA74D4E01}.Release_MD|x64.Build.0 = Release_MD|x64
		{8C9355E9-3E93-44AD-B554-08CFA74D4E01}.Release_MD|x86.ActiveCfg = Release_MD|x64
		{8C9355E9-3E93-44AD-B554-08CFA74D4E01}.Release_MT|x64.ActiveCfg = Release_MT|x64
		{8C9355E9-3E93-44AD-B554-08CFA74D4E01}.Release_MT|x64.Build.0 = Release_MT|x64
		{8C9355E9-3E93-44AD-B554-08CFA74D4E01}.Release_MT|x86.ActiveCfg = Release_MT|x64
		{7CFCABA3-C3F7-4222-8A85-9B7FDE220E09}.Debug_MD|x64.ActiveCfg = Debug_MD|x64
		{7CFCABA3-C3F7-4222-8A85-9B7FDE220E09}.Debug_MD|x64.Build.0 = Debug_MD|x64
		{7CFCABA3-C3F7-4222-8A85-9B7FDE220E09}.Debug_MD|x86.ActiveCfg = Debug_MD|x64
		{7CFCABA3-C3F7-4222-8A85-9B7FDE220E09}.Debug_MT|x64.ActiveCfg = Debug_MT|x64
		{7CFCABA3-C3F7-4222-8A85-9B7FDE220E09}.Debug_MT|x64.Build.0 = Debug_MT|x64
		{7CFCABA3-C3F7-4222-8A85-9B7FDE220E09}.Debug_MT|x86.ActiveCfg = Debug_MT|x64
		{7CFCABA3-C3F7-4222-8A85-9B7FDE220E09}.Release_MD|x64.ActiveCfg = Release_MD|x64
		{7CFCABA3-C3F7-4222-8A85-9B7FDE220E09}.Release_MD|x64.Build.0 = Release_MD|x64
		{7CFCABA3-C3F7-4222-8A85-9B7FDE220E09}.Release_MD|x86.ActiveCfg = Release_MD|x64
		{7CFCABA3-C3F7-4222-8A85-9B7FDE220E09}.Release_MT|x64.ActiveCfg = Release_MT|x64
		{7CFCABA3-C3F7-4222-8A85-9B7FDE220E09}.Release_MT|x64.Build.0 = Release_MT|x64
		{7CFCABA3-C3F7-4222-8A85-9B7FDE220E09}.Release_MT|x86.ActiveCfg = Release_MT|x64
		{1A0C5AD8-2100-4A26-BF90-A1AADC252EA3}.Debug_MD|x64.ActiveCfg = Debug_MD|x64
		{1A0C5AD8-2100-4A26-BF90-A1AADC252EA3}.Debug_MD|x64.Build.0 = Debug_MD|x64
		{1A0C5AD8-2100-4A26-BF90-A1AADC252EA3}.Debug_MD|x86.ActiveCfg = Debug_MD|x64
		{1A0C5AD8-2100-4A26-BF90-A1AADC252EA3}.Debug_MT|x64.ActiveCfg = Debug_MT|x64
		{1A0C5AD8-2100-4A26-BF90-A1AADC252EA3}.Debug_MT|x64.Build.0 = Debug_MT|x64
		{1A0C5AD8-2100-4A26-BF90-A1AADC252EA3}.Debug_MT|x86.ActiveCfg = Debug_MT|x64
		{1A0C5AD8-2100-4A26-BF90-A1AADC252EA3}.Release_MD|x64.ActiveCfg = Release_MD|x64
		{1A0C5AD8-2100-4A26-BF90-A1AADC252EA3}.Release_MD|x64.Build.0 = Release_MD|x64
		{1A0C5AD8-2100-4A26-BF90-A1AADC252EA3}.Release_MD|x86.ActiveCfg = Release_MD|x64
		{1A0C5AD8-2100-4A26-BF90-A1AADC252EA3}.Release_MT|x64.ActiveCfg = Release_MT|x64
		{1A0C5AD8-2100-4A26-BF90-A1AADC252EA3}.Release_MT|x64.Build.0 = Release_MT|x64
		{1A0C5AD8-2100-4A26-BF90-A1AADC252EA3}.Release_MT|x86.ActiveCfg = Release_MT|x64
		{1021960A-35C6-443B-A404-0AC685F4408F}.Debug_MD|x64.ActiveCfg = Debug_MD|x64
		{1021960A-35C6-443B-A404-0AC685F4408F}.Debug_MD|x64.Build.0 = Debug_MD|x64
		{1021960A-35C6-443B-A404-0AC685F4408F}.Debug_MD|x86.ActiveCfg = Debug_MD|x64
		{1021960A-35C6-443B-A404-0AC685F4408F}.Debug_MT|x64.ActiveCfg = Debug_MT|x64
		{1021960A-35C6-443B-A404-0AC685F4408F}.Debug_MT|x64.Build.0 = Debug_MT|x64
		{1021960A-35C6-443B-A404-0AC685F4408F}.Debug_MT|x86.ActiveCfg = Debug_MT|x64
		{1021960A-35C6-443B-A404-0AC685F4408F}.Release_MD|x64.ActiveCfg = Release_MD|x64
		{1021960A-35C6-443B-A404-0AC685F4408F}.Release_MD|x64.Build.0 = Release_MD|x64
		{1021960A-35C6-443B-A404-0AC685F4408F}.Release_MD|x86.ActiveCfg = Release_MD|x64
		{1021960A-35C6-443B-A404-0AC685F4408F}.Release_MT|x64.ActiveCfg = Release_MT|x64
		{1021960A-35C6-443B-A404-0AC685F4408F}.Release_MT|x64.Build.0 = Release_MT|x64
		{1021960A-35C6-443B-A404-0AC685F4408F}.Release_MT|x86.ActiveCfg = Release_MT|x64
		{E0565A86-AD03-445B-8E63-218E427775A7}.Debug_MD|x64.ActiveCfg = Debug_MT|x64
		{E0565A86-AD03-445B-8E63-218E427775A7}.Debug_MD|x64.Build.0 = Debug_MT|x64
		{E0565A86-AD03-445B-8E63-218E427775A7}.Debug_MD|x86.ActiveCfg = Release_MT|x64
		{E0565A86-AD03-445B-8E63-218E427775A7}.Debug_MD|x86.Build.0 = Release_MT|x64
		{E0565A86-AD03-445B-8E63-218E427775A7}.Debug_MT|x64.ActiveCfg = Debug_MT|x64
		{E0565A86-AD03-445B-8E63-218E427775A7}.Debug_MT|x64.Build.0 = Debug_MT|x64
		{E0565A86-AD03-445B-8E63-218E427775A7}.Debug_MT|x86.ActiveCfg = Debug_MT|x64
		{E0565A86-AD03-445B-8E63-218E427775A7}.Release_MD|x64.ActiveCfg = Release_MD|x64
		{E0565A86-AD03-445B-8E63-218E427775A7}.Release_MD|x64.Build.0 = Release_MD|x64
		{E0565A86-AD03-445B-8E63-218E427775A7}.Release_MD|x86.ActiveCfg = Release_MD|x64
		{E0565A86-AD03-445B-8E63-218E427775A7}.Release_MT|x64.ActiveCfg = Release_MT|x64
		{E0565A86-AD03-445B-8E63-218E427775A7}.Release_MT|x64.Build.0 = Release_MT|x64
		{E0565A86-AD03-445B-8E63-218E427775A7}.Release_MT|x86.ActiveCfg = Release_MT|x64
		{722E062E-8FD3-4119-9D7C-8D4700C828EE}.Debug_MD|x64.ActiveCfg = Debug_MD|x64
		{722E062E-8FD3-4119-9D7C-8D4700C828EE}.Debug_MD|x64.Build.0 = Debug_MD|x64
		{722E062E-8FD3-4119-9D7C-8D4700C828EE}.Debug_MD|x86.ActiveCfg = Debug_MD|x64
		{722E062E-8FD3-4119-9D7C-8D4700C828EE}.Debug_MT|x64.ActiveCfg = Debug_MT|x64
		{722E062E-8FD3-4119-9D7C-8D4700C828EE}.Debug_MT|x64.Build.0 = Debug_MT|x64
		{722E062E-8FD3-4119-9D7C-8D4700C828EE}.Debug_MT|x86.ActiveCfg = Debug_MT|x64
		{722E062E-8FD3-4119-9D7C-8D4700C828EE}.Release_MD|x64.ActiveCfg = Release_MD|x64
		{722E062E-8FD3-4119-9D7C-8D4700C828EE}.Release_MD|x64.Build.0 = Release_MD|x64
		{722E062E-8FD3-4119-9D7C-8D4700C828EE}.Release_MD|x86.ActiveCfg = Release_MD|x64
		{722E062E-8FD3-4119-9D7C-8D4700C828EE}.Release_MT|x64.ActiveCfg = Release_MT|x64
		{722E062E-8FD3-4119-9D7C-8D4700C828EE}.Release_MT|x64.Build.0 = Release_MT|x64
		{722E062E-8FD3-4119-9D7C-8D4700C828EE}.Release_MT|x86.ActiveCfg = Release_MT|x64
	EndGlobalSection
	GlobalSection(SolutionProperties) = preSolution
		HideSolutionNode = FALSE
	EndGlobalSection
	GlobalSection(ExtensibilityGlobals) = postSolution
		SolutionGuid = {130AF1FD-5EF5-4DAB-BB02-C3C8AD7370B6}
	EndGlobalSection
EndGlobal
